
Microsoft Visual Studio Solution File, Format Version 12.00
# Visual Studio Version 17
VisualStudioVersion = 17.3.32929.385
MinimumVisualStudioVersion = 10.0.40219.1
Project("{FAE04EC0-301F-11D3-BF4B-00C04F79EFBC}") = "actividad", "actividad\actividad.csproj", "{3AF077E6-11DB-433E-AB01-8122D9ACCE1F}"
EndProject
Project("{FAE04EC0-301F-11D3-BF4B-00C04F79EFBC}") = "ApicCarlos", "ApicCarlos\ApicCarlos.csproj", "{66012616-B483-45AE-9321-560B130BA3A9}"
EndProject
Project("{FAE04EC0-301F-11D3-BF4B-00C04F79EFBC}") = "DomainId", "DomainId\DomainId.csproj", "{BF90B041-D0C8-4203-9FA7-7F8DDE3115B6}"
EndProject
Global
	GlobalSection(SolutionConfigurationPlatforms) = preSolution
		Debug|Any CPU = Debug|Any CPU
		Release|Any CPU = Release|Any CPU
	EndGlobalSection
	GlobalSection(ProjectConfigurationPlatforms) = postSolution
		{3AF077E6-11DB-433E-AB01-8122D9ACCE1F}.Debug|Any CPU.ActiveCfg = Debug|Any CPU
		{3AF077E6-11DB-433E-AB01-8122D9ACCE1F}.Debug|Any CPU.Build.0 = Debug|Any CPU
		{3AF077E6-11DB-433E-AB01-8122D9ACCE1F}.Release|Any CPU.ActiveCfg = Release|Any CPU
		{3AF077E6-11DB-433E-AB01-8122D9ACCE1F}.Release|Any CPU.Build.0 = Release|Any CPU
		{66012616-B483-45AE-9321-560B130BA3A9}.Debug|Any CPU.ActiveCfg = Debug|Any CPU
		{66012616-B483-45AE-9321-560B130BA3A9}.Debug|Any CPU.Build.0 = Debug|Any CPU
		{66012616-B483-45AE-9321-560B130BA3A9}.Release|Any CPU.ActiveCfg = Release|Any CPU
		{66012616-B483-45AE-9321-560B130BA3A9}.Release|Any CPU.Build.0 = Release|Any CPU
		{BF90B041-D0C8-4203-9FA7-7F8DDE3115B6}.Debug|Any CPU.ActiveCfg = Debug|Any CPU
		{BF90B041-D0C8-4203-9FA7-7F8DDE3115B6}.Debug|Any CPU.Build.0 = Debug|Any CPU
		{BF90B041-D0C8-4203-9FA7-7F8DDE3115B6}.Release|Any CPU.ActiveCfg = Release|Any CPU
		{BF90B041-D0C8-4203-9FA7-7F8DDE3115B6}.Release|Any CPU.Build.0 = Release|Any CPU
	EndGlobalSection
	GlobalSection(SolutionProperties) = preSolution
		HideSolutionNode = FALSE
	EndGlobalSection
	GlobalSection(ExtensibilityGlobals) = postSolution
		SolutionGuid = {AE1A7FBC-9142-40F3-BC10-BA538AFE9417}
	EndGlobalSection
EndGlobal
